
Microsoft Visual Studio Solution File, Format Version 12.00
# Visual Studio Version 17
VisualStudioVersion = 17.12.35527.113
MinimumVisualStudioVersion = 10.0.40219.1
Project("{8BC9CEB8-8B4A-11D0-8D11-00A0C91BC942}") = "161990", "161990\161990.vcxproj", "{A17F72AC-2A3D-43D1-89B5-4122B8B0F94D}"
EndProject
Project("{8BC9CEB8-8B4A-11D0-8D11-00A0C91BC942}") = "120868", "120868\120868.vcxproj", "{C440143C-71E6-4D2C-A0FD-AB165650C515}"
EndProject
Project("{8BC9CEB8-8B4A-11D0-8D11-00A0C91BC942}") = "77884", "77884\77884.vcxproj", "{2453C51E-6874-489C-ACD5-B4D888EDE92E}"
EndProject
Project("{8BC9CEB8-8B4A-11D0-8D11-00A0C91BC942}") = "138476", "138476\138476.vcxproj", "{96704B70-42D0-4747-83DF-C648BAB3776B}"
EndProject
Project("{8BC9CEB8-8B4A-11D0-8D11-00A0C91BC942}") = "12979", "12979\12979.vcxproj", "{C4A1B94F-4F76-4320-9759-46592ACEB568}"
EndProject
Project("{8BC9CEB8-8B4A-11D0-8D11-00A0C91BC942}") = "12947", "12947\12947.vcxproj", "{EF3264B7-365A-4E98-92D3-4EC2D1223503}"
EndProject
Project("{8BC9CEB8-8B4A-11D0-8D11-00A0C91BC942}") = "12938", "12938\12938.vcxproj", "{1CC5E260-3106-4E39-9F56-93B4322B0AD3}"
EndProject
Project("{8BC9CEB8-8B4A-11D0-8D11-00A0C91BC942}") = "120866", "120866\120866.vcxproj", "{32423EE0-0599-4815-9ED7-E37AD18A8EEC}"
EndProject
Project("{8BC9CEB8-8B4A-11D0-8D11-00A0C91BC942}") = "42746", "42746\42746.vcxproj", "{CFFA4B08-57B2-4574-BFE3-B35457E4CD9E}"
EndProject
Project("{8BC9CEB8-8B4A-11D0-8D11-00A0C91BC942}") = "43162", "43162\43162.vcxproj", "{7495A166-3737-4AE3-A02B-554386687AEB}"
EndProject
Project("{8BC9CEB8-8B4A-11D0-8D11-00A0C91BC942}") = "12928", "12928\12928.vcxproj", "{036D5EBE-66E8-421D-B0FB-0D41D9CED5E2}"
EndProject
Project("{8BC9CEB8-8B4A-11D0-8D11-00A0C91BC942}") = "120846", "120846\120846.vcxproj", "{C265F10C-0712-4009-ABB4-F2BAB5BBEB39}"
EndProject
Project("{8BC9CEB8-8B4A-11D0-8D11-00A0C91BC942}") = "120869", "120869\120869.vcxproj", "{DB1C20D9-C167-4B95-8F39-D945D12ED8A1}"
EndProject
Project("{8BC9CEB8-8B4A-11D0-8D11-00A0C91BC942}") = "120956", "120956\120956.vcxproj", "{C1246510-E458-4A5A-81E4-9C9E94C13CEB}"
EndProject
Project("{8BC9CEB8-8B4A-11D0-8D11-00A0C91BC942}") = "42576", "42576\42576.vcxproj", "{C19D9423-43A5-43B1-8599-5ED75200BD5D}"
EndProject
Project("{8BC9CEB8-8B4A-11D0-8D11-00A0C91BC942}") = "12906", "12906\12906.vcxproj", "{20AC72E2-6442-4020-94AC-3DD8A6AC21D1}"
EndProject
Project("{8BC9CEB8-8B4A-11D0-8D11-00A0C91BC942}") = "138477", "138477\138477.vcxproj", "{E976D26D-62DA-4403-B508-66260419A912}"
EndProject
Project("{8BC9CEB8-8B4A-11D0-8D11-00A0C91BC942}") = "12917", "12917\12917.vcxproj", "{0F276B0E-4F93-47F8-9881-8DF27B9DA939}"
EndProject
Project("{8BC9CEB8-8B4A-11D0-8D11-00A0C91BC942}") = "12946", "12946\12946.vcxproj", "{F4D58599-77AE-4FE7-BC53-E4ED8FD7721E}"
EndProject
Global
	GlobalSection(SolutionConfigurationPlatforms) = preSolution
		Debug|x64 = Debug|x64
		Debug|x86 = Debug|x86
		Release|x64 = Release|x64
		Release|x86 = Release|x86
	EndGlobalSection
	GlobalSection(ProjectConfigurationPlatforms) = postSolution
		{A17F72AC-2A3D-43D1-89B5-4122B8B0F94D}.Debug|x64.ActiveCfg = Debug|x64
		{A17F72AC-2A3D-43D1-89B5-4122B8B0F94D}.Debug|x64.Build.0 = Debug|x64
		{A17F72AC-2A3D-43D1-89B5-4122B8B0F94D}.Debug|x86.ActiveCfg = Debug|Win32
		{A17F72AC-2A3D-43D1-89B5-4122B8B0F94D}.Debug|x86.Build.0 = Debug|Win32
		{A17F72AC-2A3D-43D1-89B5-4122B8B0F94D}.Release|x64.ActiveCfg = Release|x64
		{A17F72AC-2A3D-43D1-89B5-4122B8B0F94D}.Release|x64.Build.0 = Release|x64
		{A17F72AC-2A3D-43D1-89B5-4122B8B0F94D}.Release|x86.ActiveCfg = Release|Win32
		{A17F72AC-2A3D-43D1-89B5-4122B8B0F94D}.Release|x86.Build.0 = Release|Win32
		{C440143C-71E6-4D2C-A0FD-AB165650C515}.Debug|x64.ActiveCfg = Debug|x64
		{C440143C-71E6-4D2C-A0FD-AB165650C515}.Debug|x64.Build.0 = Debug|x64
		{C440143C-71E6-4D2C-A0FD-AB165650C515}.Debug|x86.ActiveCfg = Debug|Win32
		{C440143C-71E6-4D2C-A0FD-AB165650C515}.Debug|x86.Build.0 = Debug|Win32
		{C440143C-71E6-4D2C-A0FD-AB165650C515}.Release|x64.ActiveCfg = Release|x64
		{C440143C-71E6-4D2C-A0FD-AB165650C515}.Release|x64.Build.0 = Release|x64
		{C440143C-71E6-4D2C-A0FD-AB165650C515}.Release|x86.ActiveCfg = Release|Win32
		{C440143C-71E6-4D2C-A0FD-AB165650C515}.Release|x86.Build.0 = Release|Win32
		{2453C51E-6874-489C-ACD5-B4D888EDE92E}.Debug|x64.ActiveCfg = Debug|x64
		{2453C51E-6874-489C-ACD5-B4D888EDE92E}.Debug|x64.Build.0 = Debug|x64
		{2453C51E-6874-489C-ACD5-B4D888EDE92E}.Debug|x86.ActiveCfg = Debug|Win32
		{2453C51E-6874-489C-ACD5-B4D888EDE92E}.Debug|x86.Build.0 = Debug|Win32
		{2453C51E-6874-489C-ACD5-B4D888EDE92E}.Release|x64.ActiveCfg = Release|x64
		{2453C51E-6874-489C-ACD5-B4D888EDE92E}.Release|x64.Build.0 = Release|x64
		{2453C51E-6874-489C-ACD5-B4D888EDE92E}.Release|x86.ActiveCfg = Release|Win32
		{2453C51E-6874-489C-ACD5-B4D888EDE92E}.Release|x86.Build.0 = Release|Win32
		{96704B70-42D0-4747-83DF-C648BAB3776B}.Debug|x64.ActiveCfg = Debug|x64
		{96704B70-42D0-4747-83DF-C648BAB3776B}.Debug|x64.Build.0 = Debug|x64
		{96704B70-42D0-4747-83DF-C648BAB3776B}.Debug|x86.ActiveCfg = Debug|Win32
		{96704B70-42D0-4747-83DF-C648BAB3776B}.Debug|x86.Build.0 = Debug|Win32
		{96704B70-42D0-4747-83DF-C648BAB3776B}.Release|x64.ActiveCfg = Release|x64
		{96704B70-42D0-4747-83DF-C648BAB3776B}.Release|x64.Build.0 = Release|x64
		{96704B70-42D0-4747-83DF-C648BAB3776B}.Release|x86.ActiveCfg = Release|Win32
		{96704B70-42D0-4747-83DF-C648BAB3776B}.Release|x86.Build.0 = Release|Win32
		{C4A1B94F-4F76-4320-9759-46592ACEB568}.Debug|x64.ActiveCfg = Debug|x64
		{C4A1B94F-4F76-4320-9759-46592ACEB568}.Debug|x64.Build.0 = Debug|x64
		{C4A1B94F-4F76-4320-9759-46592ACEB568}.Debug|x86.ActiveCfg = Debug|Win32
		{C4A1B94F-4F76-4320-9759-46592ACEB568}.Debug|x86.Build.0 = Debug|Win32
		{C4A1B94F-4F76-4320-9759-46592ACEB568}.Release|x64.ActiveCfg = Release|x64
		{C4A1B94F-4F76-4320-9759-46592ACEB568}.Release|x64.Build.0 = Release|x64
		{C4A1B94F-4F76-4320-9759-46592ACEB568}.Release|x86.ActiveCfg = Release|Win32
		{C4A1B94F-4F76-4320-9759-46592ACEB568}.Release|x86.Build.0 = Release|Win32
		{EF3264B7-365A-4E98-92D3-4EC2D1223503}.Debug|x64.ActiveCfg = Debug|x64
		{EF3264B7-365A-4E98-92D3-4EC2D1223503}.Debug|x64.Build.0 = Debug|x64
		{EF3264B7-365A-4E98-92D3-4EC2D1223503}.Debug|x86.ActiveCfg = Debug|Win32
		{EF3264B7-365A-4E98-92D3-4EC2D1223503}.Debug|x86.Build.0 = Debug|Win32
		{EF3264B7-365A-4E98-92D3-4EC2D1223503}.Release|x64.ActiveCfg = Release|x64
		{EF3264B7-365A-4E98-92D3-4EC2D1223503}.Release|x64.Build.0 = Release|x64
		{EF3264B7-365A-4E98-92D3-4EC2D1223503}.Release|x86.ActiveCfg = Release|Win32
		{EF3264B7-365A-4E98-92D3-4EC2D1223503}.Release|x86.Build.0 = Release|Win32
		{1CC5E260-3106-4E39-9F56-93B4322B0AD3}.Debug|x64.ActiveCfg = Debug|x64
		{1CC5E260-3106-4E39-9F56-93B4322B0AD3}.Debug|x64.Build.0 = Debug|x64
		{1CC5E260-3106-4E39-9F56-93B4322B0AD3}.Debug|x86.ActiveCfg = Debug|Win32
		{1CC5E260-3106-4E39-9F56-93B4322B0AD3}.Debug|x86.Build.0 = Debug|Win32
		{1CC5E260-3106-4E39-9F56-93B4322B0AD3}.Release|x64.ActiveCfg = Release|x64
		{1CC5E260-3106-4E39-9F56-93B4322B0AD3}.Release|x64.Build.0 = Release|x64
		{1CC5E260-3106-4E39-9F56-93B4322B0AD3}.Release|x86.ActiveCfg = Release|Win32
		{1CC5E260-3106-4E39-9F56-93B4322B0AD3}.Release|x86.Build.0 = Release|Win32
		{32423EE0-0599-4815-9ED7-E37AD18A8EEC}.Debug|x64.ActiveCfg = Debug|x64
		{32423EE0-0599-4815-9ED7-E37AD18A8EEC}.Debug|x64.Build.0 = Debug|x64
		{32423EE0-0599-4815-9ED7-E37AD18A8EEC}.Debug|x86.ActiveCfg = Debug|Win32
		{32423EE0-0599-4815-9ED7-E37AD18A8EEC}.Debug|x86.Build.0 = Debug|Win32
		{32423EE0-0599-4815-9ED7-E37AD18A8EEC}.Release|x64.ActiveCfg = Release|x64
		{32423EE0-0599-4815-9ED7-E37AD18A8EEC}.Release|x64.Build.0 = Release|x64
		{32423EE0-0599-4815-9ED7-E37AD18A8EEC}.Release|x86.ActiveCfg = Release|Win32
		{32423EE0-0599-4815-9ED7-E37AD18A8EEC}.Release|x86.Build.0 = Release|Win32
		{CFFA4B08-57B2-4574-BFE3-B35457E4CD9E}.Debug|x64.ActiveCfg = Debug|x64
		{CFFA4B08-57B2-4574-BFE3-B35457E4CD9E}.Debug|x64.Build.0 = Debug|x64
		{CFFA4B08-57B2-4574-BFE3-B35457E4CD9E}.Debug|x86.ActiveCfg = Debug|Win32
		{CFFA4B08-57B2-4574-BFE3-B35457E4CD9E}.Debug|x86.Build.0 = Debug|Win32
		{CFFA4B08-57B2-4574-BFE3-B35457E4CD9E}.Release|x64.ActiveCfg = Release|x64
		{CFFA4B08-57B2-4574-BFE3-B35457E4CD9E}.Release|x64.Build.0 = Release|x64
		{CFFA4B08-57B2-4574-BFE3-B35457E4CD9E}.Release|x86.ActiveCfg = Release|Win32
		{CFFA4B08-57B2-4574-BFE3-B35457E4CD9E}.Release|x86.Build.0 = Release|Win32
		{7495A166-3737-4AE3-A02B-554386687AEB}.Debug|x64.ActiveCfg = Debug|x64
		{7495A166-3737-4AE3-A02B-554386687AEB}.Debug|x64.Build.0 = Debug|x64
		{7495A166-3737-4AE3-A02B-554386687AEB}.Debug|x86.ActiveCfg = Debug|Win32
		{7495A166-3737-4AE3-A02B-554386687AEB}.Debug|x86.Build.0 = Debug|Win32
		{7495A166-3737-4AE3-A02B-554386687AEB}.Release|x64.ActiveCfg = Release|x64
		{7495A166-3737-4AE3-A02B-554386687AEB}.Release|x64.Build.0 = Release|x64
		{7495A166-3737-4AE3-A02B-554386687AEB}.Release|x86.ActiveCfg = Release|Win32
		{7495A166-3737-4AE3-A02B-554386687AEB}.Release|x86.Build.0 = Release|Win32
		{036D5EBE-66E8-421D-B0FB-0D41D9CED5E2}.Debug|x64.ActiveCfg = Debug|x64
		{036D5EBE-66E8-421D-B0FB-0D41D9CED5E2}.Debug|x64.Build.0 = Debug|x64
		{036D5EBE-66E8-421D-B0FB-0D41D9CED5E2}.Debug|x86.ActiveCfg = Debug|Win32
		{036D5EBE-66E8-421D-B0FB-0D41D9CED5E2}.Debug|x86.Build.0 = Debug|Win32
		{036D5EBE-66E8-421D-B0FB-0D41D9CED5E2}.Release|x64.ActiveCfg = Release|x64
		{036D5EBE-66E8-421D-B0FB-0D41D9CED5E2}.Release|x64.Build.0 = Release|x64
		{036D5EBE-66E8-421D-B0FB-0D41D9CED5E2}.Release|x86.ActiveCfg = Release|Win32
		{036D5EBE-66E8-421D-B0FB-0D41D9CED5E2}.Release|x86.Build.0 = Release|Win32
		{C265F10C-0712-4009-ABB4-F2BAB5BBEB39}.Debug|x64.ActiveCfg = Debug|x64
		{C265F10C-0712-4009-ABB4-F2BAB5BBEB39}.Debug|x64.Build.0 = Debug|x64
		{C265F10C-0712-4009-ABB4-F2BAB5BBEB39}.Debug|x86.ActiveCfg = Debug|Win32
		{C265F10C-0712-4009-ABB4-F2BAB5BBEB39}.Debug|x86.Build.0 = Debug|Win32
		{C265F10C-0712-4009-ABB4-F2BAB5BBEB39}.Release|x64.ActiveCfg = Release|x64
		{C265F10C-0712-4009-ABB4-F2BAB5BBEB39}.Release|x64.Build.0 = Release|x64
		{C265F10C-0712-4009-ABB4-F2BAB5BBEB39}.Release|x86.ActiveCfg = Release|Win32
		{C265F10C-0712-4009-ABB4-F2BAB5BBEB39}.Release|x86.Build.0 = Release|Win32
		{DB1C20D9-C167-4B95-8F39-D945D12ED8A1}.Debug|x64.ActiveCfg = Debug|x64
		{DB1C20D9-C167-4B95-8F39-D945D12ED8A1}.Debug|x64.Build.0 = Debug|x64
		{DB1C20D9-C167-4B95-8F39-D945D12ED8A1}.Debug|x86.ActiveCfg = Debug|Win32
		{DB1C20D9-C167-4B95-8F39-D945D12ED8A1}.Debug|x86.Build.0 = Debug|Win32
		{DB1C20D9-C167-4B95-8F39-D945D12ED8A1}.Release|x64.ActiveCfg = Release|x64
		{DB1C20D9-C167-4B95-8F39-D945D12ED8A1}.Release|x64.Build.0 = Release|x64
		{DB1C20D9-C167-4B95-8F39-D945D12ED8A1}.Release|x86.ActiveCfg = Release|Win32
		{DB1C20D9-C167-4B95-8F39-D945D12ED8A1}.Release|x86.Build.0 = Release|Win32
		{C1246510-E458-4A5A-81E4-9C9E94C13CEB}.Debug|x64.ActiveCfg = Debug|x64
		{C1246510-E458-4A5A-81E4-9C9E94C13CEB}.Debug|x64.Build.0 = Debug|x64
		{C1246510-E458-4A5A-81E4-9C9E94C13CEB}.Debug|x86.ActiveCfg = Debug|Win32
		{C1246510-E458-4A5A-81E4-9C9E94C13CEB}.Debug|x86.Build.0 = Debug|Win32
		{C1246510-E458-4A5A-81E4-9C9E94C13CEB}.Release|x64.ActiveCfg = Release|x64
		{C1246510-E458-4A5A-81E4-9C9E94C13CEB}.Release|x64.Build.0 = Release|x64
		{C1246510-E458-4A5A-81E4-9C9E94C13CEB}.Release|x86.ActiveCfg = Release|Win32
		{C1246510-E458-4A5A-81E4-9C9E94C13CEB}.Release|x86.Build.0 = Release|Win32
		{C19D9423-43A5-43B1-8599-5ED75200BD5D}.Debug|x64.ActiveCfg = Debug|x64
		{C19D9423-43A5-43B1-8599-5ED75200BD5D}.Debug|x64.Build.0 = Debug|x64
		{C19D9423-43A5-43B1-8599-5ED75200BD5D}.Debug|x86.ActiveCfg = Debug|Win32
		{C19D9423-43A5-43B1-8599-5ED75200BD5D}.Debug|x86.Build.0 = Debug|Win32
		{C19D9423-43A5-43B1-8599-5ED75200BD5D}.Release|x64.ActiveCfg = Release|x64
		{C19D9423-43A5-43B1-8599-5ED75200BD5D}.Release|x64.Build.0 = Release|x64
		{C19D9423-43A5-43B1-8599-5ED75200BD5D}.Release|x86.ActiveCfg = Release|Win32
		{C19D9423-43A5-43B1-8599-5ED75200BD5D}.Release|x86.Build.0 = Release|Win32
		{20AC72E2-6442-4020-94AC-3DD8A6AC21D1}.Debug|x64.ActiveCfg = Debug|x64
		{20AC72E2-6442-4020-94AC-3DD8A6AC21D1}.Debug|x64.Build.0 = Debug|x64
		{20AC72E2-6442-4020-94AC-3DD8A6AC21D1}.Debug|x86.ActiveCfg = Debug|Win32
		{20AC72E2-6442-4020-94AC-3DD8A6AC21D1}.Debug|x86.Build.0 = Debug|Win32
		{20AC72E2-6442-4020-94AC-3DD8A6AC21D1}.Release|x64.ActiveCfg = Release|x64
		{20AC72E2-6442-4020-94AC-3DD8A6AC21D1}.Release|x64.Build.0 = Release|x64
		{20AC72E2-6442-4020-94AC-3DD8A6AC21D1}.Release|x86.ActiveCfg = Release|Win32
		{20AC72E2-6442-4020-94AC-3DD8A6AC21D1}.Release|x86.Build.0 = Release|Win32
		{E976D26D-62DA-4403-B508-66260419A912}.Debug|x64.ActiveCfg = Debug|x64
		{E976D26D-62DA-4403-B508-66260419A912}.Debug|x64.Build.0 = Debug|x64
		{E976D26D-62DA-4403-B508-66260419A912}.Debug|x86.ActiveCfg = Debug|Win32
		{E976D26D-62DA-4403-B508-66260419A912}.Debug|x86.Build.0 = Debug|Win32
		{E976D26D-62DA-4403-B508-66260419A912}.Release|x64.ActiveCfg = Release|x64
		{E976D26D-62DA-4403-B508-66260419A912}.Release|x64.Build.0 = Release|x64
		{E976D26D-62DA-4403-B508-66260419A912}.Release|x86.ActiveCfg = Release|Win32
		{E976D26D-62DA-4403-B508-66260419A912}.Release|x86.Build.0 = Release|Win32
		{0F276B0E-4F93-47F8-9881-8DF27B9DA939}.Debug|x64.ActiveCfg = Debug|x64
		{0F276B0E-4F93-47F8-9881-8DF27B9DA939}.Debug|x64.Build.0 = Debug|x64
		{0F276B0E-4F93-47F8-9881-8DF27B9DA939}.Debug|x86.ActiveCfg = Debug|Win32
		{0F276B0E-4F93-47F8-9881-8DF27B9DA939}.Debug|x86.Build.0 = Debug|Win32
		{0F276B0E-4F93-47F8-9881-8DF27B9DA939}.Release|x64.ActiveCfg = Release|x64
		{0F276B0E-4F93-47F8-9881-8DF27B9DA939}.Release|x64.Build.0 = Release|x64
		{0F276B0E-4F93-47F8-9881-8DF27B9DA939}.Release|x86.ActiveCfg = Release|Win32
		{0F276B0E-4F93-47F8-9881-8DF27B9DA939}.Release|x86.Build.0 = Release|Win32
		{F4D58599-77AE-4FE7-BC53-E4ED8FD7721E}.Debug|x64.ActiveCfg = Debug|x64
		{F4D58599-77AE-4FE7-BC53-E4ED8FD7721E}.Debug|x64.Build.0 = Debug|x64
		{F4D58599-77AE-4FE7-BC53-E4ED8FD7721E}.Debug|x86.ActiveCfg = Debug|Win32
		{F4D58599-77AE-4FE7-BC53-E4ED8FD7721E}.Debug|x86.Build.0 = Debug|Win32
		{F4D58599-77AE-4FE7-BC53-E4ED8FD7721E}.Release|x64.ActiveCfg = Release|x64
		{F4D58599-77AE-4FE7-BC53-E4ED8FD7721E}.Release|x64.Build.0 = Release|x64
		{F4D58599-77AE-4FE7-BC53-E4ED8FD7721E}.Release|x86.ActiveCfg = Release|Win32
		{F4D58599-77AE-4FE7-BC53-E4ED8FD7721E}.Release|x86.Build.0 = Release|Win32
	EndGlobalSection
	GlobalSection(SolutionProperties) = preSolution
		HideSolutionNode = FALSE
	EndGlobalSection
EndGlobal
